
Microsoft Visual Studio Solution File, Format Version 12.00
# Visual Studio Version 16
VisualStudioVersion = 16.0.30204.135
MinimumVisualStudioVersion = 10.0.40219.1
Project("{8BC9CEB8-8B4A-11D0-8D11-00A0C91BC942}") = "001. 1부터 N까지 M의 배수합", "001. 1부터 N까지 M의 배수합\001. 1부터 N까지 M의 배수합.vcxproj", "{B5AC15B0-286C-4D6F-A5B3-B031A54DD36F}"
EndProject
Project("{8BC9CEB8-8B4A-11D0-8D11-00A0C91BC942}") = "002. 자연수의 합", "002. 자연수의 합\002. 자연수의 합.vcxproj", "{6C27CB12-5CD3-44B5-B16F-7F35E7AFA0A3}"
EndProject
Project("{8BC9CEB8-8B4A-11D0-8D11-00A0C91BC942}") = "003. 진약수의 합", "003. 진약수의 합\003. 진약수의 합.vcxproj", "{3EDD80AE-33C2-4F97-9C2D-6703BF761D7E}"
EndProject
Project("{8BC9CEB8-8B4A-11D0-8D11-00A0C91BC942}") = "004. 나이 차이", "004. 나이 차이\004. 나이 차이.vcxproj", "{671557CE-8628-4A2A-BB20-F5CC47E0F331}"
EndProject
Project("{8BC9CEB8-8B4A-11D0-8D11-00A0C91BC942}") = "005. 나이계산", "005. 나이계산\005. 나이계산.vcxproj", "{FE89271F-2257-4DE7-9FC7-055EDFA024A7}"
EndProject
Project("{8BC9CEB8-8B4A-11D0-8D11-00A0C91BC942}") = "006. 숫자만 추출", "006. 숫자만 추출\006. 숫자만 추출.vcxproj", "{19A8ABA5-58EC-4248-89C2-AB489150DE0D}"
EndProject
Project("{8BC9CEB8-8B4A-11D0-8D11-00A0C91BC942}") = "007. 영어단어 복구", "007. 영어단어 복구\007. 영어단어 복구.vcxproj", "{36869DA4-5C24-4307-9266-6C77D70008B6}"
EndProject
Project("{8BC9CEB8-8B4A-11D0-8D11-00A0C91BC942}") = "008. 올바른 괄호", "008. 올바른 괄호\008. 올바른 괄호.vcxproj", "{ABB09F77-230B-45A3-8C82-AD453E22BF91}"
EndProject
Project("{8BC9CEB8-8B4A-11D0-8D11-00A0C91BC942}") = "009. 모두의 약수", "009. 모두의 약수\009. 모두의 약수.vcxproj", "{58E2CAB7-7B67-40F2-90A0-4F2FA097CA41}"
EndProject
Project("{8BC9CEB8-8B4A-11D0-8D11-00A0C91BC942}") = "010. 자릿수의 합", "010. 자릿수의 합\010. 자릿수의 합.vcxproj", "{4498B821-0CF4-4E4E-BE31-25FB88A21571}"
EndProject
Project("{8BC9CEB8-8B4A-11D0-8D11-00A0C91BC942}") = "011. 숫자의 총 개수(small)", "011. 숫자의 총 개수(small)\011. 숫자의 총 개수(small).vcxproj", "{68BB4A26-EA7C-496D-9892-CD04F338C38B}"
EndProject
Project("{8BC9CEB8-8B4A-11D0-8D11-00A0C91BC942}") = "012. 숫자의 총 개수(large)", "012. 숫자의 총 개수(large)\012. 숫자의 총 개수(large).vcxproj", "{34DB392F-191B-401B-93D6-2FA49385AEE5}"
EndProject
Project("{8BC9CEB8-8B4A-11D0-8D11-00A0C91BC942}") = "013. 가장 많이 사용된 자릿수", "013. 가장 많이 사용된 자릿수\013. 가장 많이 사용된 자릿수.vcxproj", "{285AF4F6-6375-4FB2-BDB7-98B8A9939F27}"
EndProject
Project("{8BC9CEB8-8B4A-11D0-8D11-00A0C91BC942}") = "014. 뒤집은 소수", "014. 뒤집은 소수\014. 뒤집은 소수.vcxproj", "{AE86AD9F-DC34-4BED-978C-6A6B5488A7BA}"
EndProject
Project("{8BC9CEB8-8B4A-11D0-8D11-00A0C91BC942}") = "015. 소수의 개수", "015. 소수의 개수\015. 소수의 개수.vcxproj", "{EBD0DAC7-5CF2-4208-B009-F5989AB19525}"
EndProject
Project("{8BC9CEB8-8B4A-11D0-8D11-00A0C91BC942}") = "016. Anagram", "016. Anagram\016. Anagram.vcxproj", "{AB13FF24-B491-47FF-86F1-6DF85F3D4629}"
EndProject
Project("{8BC9CEB8-8B4A-11D0-8D11-00A0C91BC942}") = "017. 선생님 퀴즈", "017. 선생님 퀴즈\017. 선생님 퀴즈.vcxproj", "{CA08270C-C210-4CD0-8DB9-232A589A4E47}"
EndProject
Project("{8BC9CEB8-8B4A-11D0-8D11-00A0C91BC942}") = "018. 층간소음", "018. 층간소음\018. 층간소음.vcxproj", "{B42A76EF-E25F-4390-834A-1DD29D27EDA4}"
EndProject
Project("{8BC9CEB8-8B4A-11D0-8D11-00A0C91BC942}") = "019. 분노 유발자", "019. 분노 유발자\019. 분노 유발자.vcxproj", "{A4599945-989C-4A8B-8FD1-49D8B10852D3}"
EndProject
Project("{8BC9CEB8-8B4A-11D0-8D11-00A0C91BC942}") = "020. 가위 바위 보", "020. 가위 바위 보\020. 가위 바위 보.vcxproj", "{E1F52CC0-27D9-44F9-B9BD-4DF45C607F72}"
EndProject
Project("{8BC9CEB8-8B4A-11D0-8D11-00A0C91BC942}") = "021. 카드게임", "021. 카드게임\021. 카드게임.vcxproj", "{7E1EB646-63FD-4081-A4C4-61A7AADEA80C}"
EndProject
Project("{8BC9CEB8-8B4A-11D0-8D11-00A0C91BC942}") = "022. 온도의 최대값", "022. 온도의 최대값\022. 온도의 최대값.vcxproj", "{E6A038B5-5DDE-48E8-B9FD-8B45090BCC90}"
EndProject
Project("{8BC9CEB8-8B4A-11D0-8D11-00A0C91BC942}") = "023. 연속 부분 증가수열", "023. 연속 부분 증가수열\023. 연속 부분 증가수열.vcxproj", "{5CD756AE-6B96-4D0D-BF92-F3A283CCCD44}"
EndProject
Project("{8BC9CEB8-8B4A-11D0-8D11-00A0C91BC942}") = "024. Jolly Jumpers", "024. Jolly Jumpers\024. Jolly Jumpers.vcxproj", "{EE7EFECD-0EAB-42A3-9E23-F7AB189EFFDB}"
EndProject
Project("{8BC9CEB8-8B4A-11D0-8D11-00A0C91BC942}") = "025. 석차 구하기", "025. 석차 구하기\025. 석차 구하기.vcxproj", "{CCC1FC5B-954D-4855-A684-349B2FEA6E47}"
EndProject
Project("{8BC9CEB8-8B4A-11D0-8D11-00A0C91BC942}") = "026. 마라톤", "026. 마라톤\026. 마라톤.vcxproj", "{BCA377C1-A1E0-4D82-A708-FF4907BEDCAF}"
EndProject
Project("{8BC9CEB8-8B4A-11D0-8D11-00A0C91BC942}") = "027. N!의 표현법", "027. N!의 표현법\027. N!의 표현법.vcxproj", "{105559F8-BCED-4B03-AC2E-E20FA7D0CA51}"
EndProject
Project("{8BC9CEB8-8B4A-11D0-8D11-00A0C91BC942}") = "028. N!에서 0의 개수", "028. N!에서 0의 개수\028. N!에서 0의 개수.vcxproj", "{2E9D2C39-6725-4FEF-BAD1-C50E49EED619}"
EndProject
Project("{8BC9CEB8-8B4A-11D0-8D11-00A0C91BC942}") = "029. 3의 개수는", "029. 3의 개수는\029. 3의 개수는.vcxproj", "{1CEFF008-9099-40FA-8DC5-C9B56C59293B}"
EndProject
Project("{8BC9CEB8-8B4A-11D0-8D11-00A0C91BC942}") = "030. 3의 개수는", "030. 3의 개수는\030. 3의 개수는.vcxproj", "{5CE11E2E-3110-4069-98FB-3386A3F0C829}"
EndProject
Project("{8BC9CEB8-8B4A-11D0-8D11-00A0C91BC942}") = "031. 탄화수소 질량", "031. 탄화수소 질량\031. 탄화수소 질량.vcxproj", "{F855FB68-BB9E-4D41-A25C-5B272407A96D}"
EndProject
Project("{8BC9CEB8-8B4A-11D0-8D11-00A0C91BC942}") = "032. 선택정렬", "032. 선택정렬\032. 선택정렬.vcxproj", "{9961420E-10DF-4730-9743-4FD9AA0D7513}"
EndProject
Project("{8BC9CEB8-8B4A-11D0-8D11-00A0C91BC942}") = "033. 3등의 성적은", "033. 3등의 성적은\033. 3등의 성적은.vcxproj", "{C8C5E64B-DF18-44A2-BEE7-674E7C332190}"
EndProject
Project("{8BC9CEB8-8B4A-11D0-8D11-00A0C91BC942}") = "034. 버블정렬", "034. 버블정렬\034. 버블정렬.vcxproj", "{2FD13997-3567-493C-8E61-E777CFE25F04}"
EndProject
Project("{8BC9CEB8-8B4A-11D0-8D11-00A0C91BC942}") = "035. Special Sort(구글)", "035. Special Sort(구글)\035. Special Sort(구글).vcxproj", "{CB2ADF4C-2802-4591-AA05-6DD6B6D3FB3C}"
EndProject
Project("{8BC9CEB8-8B4A-11D0-8D11-00A0C91BC942}") = "036. 삽입정렬", "036. 삽입정렬\036. 삽입정렬.vcxproj", "{1C9347C7-7DD5-47C1-9B25-D10D5F4516E8}"
EndProject
Project("{8BC9CEB8-8B4A-11D0-8D11-00A0C91BC942}") = "037. Least Recently Used(카카오 캐시 문제 변형)", "037. Least Recently Used(카카오 캐시 문제 변형)\037. Least Recently Used(카카오 캐시 문제 변형).vcxproj", "{42C94839-43F9-4DA6-B7FA-6ED52BD216E7}"
EndProject
Project("{8BC9CEB8-8B4A-11D0-8D11-00A0C91BC942}") = "038. Inversion Sequence", "038. Inversion Sequence\038. Inversion Sequence.vcxproj", "{EC33A43D-146E-4525-B878-C34C209E2C87}"
EndProject
Project("{8BC9CEB8-8B4A-11D0-8D11-00A0C91BC942}") = "039. 두 배열 합치기", "039. 두 배열 합치기\039. 두 배열 합치기.vcxproj", "{AF263441-7DB6-4839-A07F-129901C4AA15}"
EndProject
Project("{8BC9CEB8-8B4A-11D0-8D11-00A0C91BC942}") = "040. 교집합(투포인트 알고리즘)", "040. 교집합(투포인트 알고리즘)\040. 교집합(투포인트 알고리즘).vcxproj", "{FEFCBFFB-984A-4D37-9E23-8E5C66C617F5}"
EndProject
Project("{8BC9CEB8-8B4A-11D0-8D11-00A0C91BC942}") = "041. 연속된 자연수의 합", "041. 연속된 자연수의 합\041. 연속된 자연수의 합.vcxproj", "{B157B722-B8B7-4C41-BB84-5307E3388160}"
EndProject
Project("{8BC9CEB8-8B4A-11D0-8D11-00A0C91BC942}") = "042. 이분검색", "042. 이분검색\042. 이분검색.vcxproj", "{C5C52312-DC71-47CF-BDA1-B3345D215080}"
EndProject
Project("{8BC9CEB8-8B4A-11D0-8D11-00A0C91BC942}") = "043. 뮤직비디오(이분검색 응용)", "043. 뮤직비디오(이분검색 응용)\043. 뮤직비디오(이분검색 응용).vcxproj", "{3694DF66-9D85-4334-B0B7-5DF4D18AEBA4}"
EndProject
Project("{8BC9CEB8-8B4A-11D0-8D11-00A0C91BC942}") = "044. 마구간 정하기(이분검색 응용)", "044. 마구간 정하기(이분검색 응용)\044. 마구간 정하기(이분검색 응용).vcxproj", "{D4A1BC3D-44DD-4657-B594-BB0A47AFA1F1}"
EndProject
Project("{8BC9CEB8-8B4A-11D0-8D11-00A0C91BC942}") = "045. 공주 구하기", "045. 공주 구하기\045. 공주 구하기.vcxproj", "{D15F1759-97C2-4DB0-A76B-B42CB6045A34}"
EndProject
Global
	GlobalSection(SolutionConfigurationPlatforms) = preSolution
		Debug|x64 = Debug|x64
		Debug|x86 = Debug|x86
		Release|x64 = Release|x64
		Release|x86 = Release|x86
	EndGlobalSection
	GlobalSection(ProjectConfigurationPlatforms) = postSolution
		{B5AC15B0-286C-4D6F-A5B3-B031A54DD36F}.Debug|x64.ActiveCfg = Debug|x64
		{B5AC15B0-286C-4D6F-A5B3-B031A54DD36F}.Debug|x64.Build.0 = Debug|x64
		{B5AC15B0-286C-4D6F-A5B3-B031A54DD36F}.Debug|x86.ActiveCfg = Debug|Win32
		{B5AC15B0-286C-4D6F-A5B3-B031A54DD36F}.Debug|x86.Build.0 = Debug|Win32
		{B5AC15B0-286C-4D6F-A5B3-B031A54DD36F}.Release|x64.ActiveCfg = Release|x64
		{B5AC15B0-286C-4D6F-A5B3-B031A54DD36F}.Release|x64.Build.0 = Release|x64
		{B5AC15B0-286C-4D6F-A5B3-B031A54DD36F}.Release|x86.ActiveCfg = Release|Win32
		{B5AC15B0-286C-4D6F-A5B3-B031A54DD36F}.Release|x86.Build.0 = Release|Win32
		{6C27CB12-5CD3-44B5-B16F-7F35E7AFA0A3}.Debug|x64.ActiveCfg = Debug|x64
		{6C27CB12-5CD3-44B5-B16F-7F35E7AFA0A3}.Debug|x64.Build.0 = Debug|x64
		{6C27CB12-5CD3-44B5-B16F-7F35E7AFA0A3}.Debug|x86.ActiveCfg = Debug|Win32
		{6C27CB12-5CD3-44B5-B16F-7F35E7AFA0A3}.Debug|x86.Build.0 = Debug|Win32
		{6C27CB12-5CD3-44B5-B16F-7F35E7AFA0A3}.Release|x64.ActiveCfg = Release|x64
		{6C27CB12-5CD3-44B5-B16F-7F35E7AFA0A3}.Release|x64.Build.0 = Release|x64
		{6C27CB12-5CD3-44B5-B16F-7F35E7AFA0A3}.Release|x86.ActiveCfg = Release|Win32
		{6C27CB12-5CD3-44B5-B16F-7F35E7AFA0A3}.Release|x86.Build.0 = Release|Win32
		{3EDD80AE-33C2-4F97-9C2D-6703BF761D7E}.Debug|x64.ActiveCfg = Debug|x64
		{3EDD80AE-33C2-4F97-9C2D-6703BF761D7E}.Debug|x64.Build.0 = Debug|x64
		{3EDD80AE-33C2-4F97-9C2D-6703BF761D7E}.Debug|x86.ActiveCfg = Debug|Win32
		{3EDD80AE-33C2-4F97-9C2D-6703BF761D7E}.Debug|x86.Build.0 = Debug|Win32
		{3EDD80AE-33C2-4F97-9C2D-6703BF761D7E}.Release|x64.ActiveCfg = Release|x64
		{3EDD80AE-33C2-4F97-9C2D-6703BF761D7E}.Release|x64.Build.0 = Release|x64
		{3EDD80AE-33C2-4F97-9C2D-6703BF761D7E}.Release|x86.ActiveCfg = Release|Win32
		{3EDD80AE-33C2-4F97-9C2D-6703BF761D7E}.Release|x86.Build.0 = Release|Win32
		{671557CE-8628-4A2A-BB20-F5CC47E0F331}.Debug|x64.ActiveCfg = Debug|x64
		{671557CE-8628-4A2A-BB20-F5CC47E0F331}.Debug|x64.Build.0 = Debug|x64
		{671557CE-8628-4A2A-BB20-F5CC47E0F331}.Debug|x86.ActiveCfg = Debug|Win32
		{671557CE-8628-4A2A-BB20-F5CC47E0F331}.Debug|x86.Build.0 = Debug|Win32
		{671557CE-8628-4A2A-BB20-F5CC47E0F331}.Release|x64.ActiveCfg = Release|x64
		{671557CE-8628-4A2A-BB20-F5CC47E0F331}.Release|x64.Build.0 = Release|x64
		{671557CE-8628-4A2A-BB20-F5CC47E0F331}.Release|x86.ActiveCfg = Release|Win32
		{671557CE-8628-4A2A-BB20-F5CC47E0F331}.Release|x86.Build.0 = Release|Win32
		{FE89271F-2257-4DE7-9FC7-055EDFA024A7}.Debug|x64.ActiveCfg = Debug|x64
		{FE89271F-2257-4DE7-9FC7-055EDFA024A7}.Debug|x64.Build.0 = Debug|x64
		{FE89271F-2257-4DE7-9FC7-055EDFA024A7}.Debug|x86.ActiveCfg = Debug|Win32
		{FE89271F-2257-4DE7-9FC7-055EDFA024A7}.Debug|x86.Build.0 = Debug|Win32
		{FE89271F-2257-4DE7-9FC7-055EDFA024A7}.Release|x64.ActiveCfg = Release|x64
		{FE89271F-2257-4DE7-9FC7-055EDFA024A7}.Release|x64.Build.0 = Release|x64
		{FE89271F-2257-4DE7-9FC7-055EDFA024A7}.Release|x86.ActiveCfg = Release|Win32
		{FE89271F-2257-4DE7-9FC7-055EDFA024A7}.Release|x86.Build.0 = Release|Win32
		{19A8ABA5-58EC-4248-89C2-AB489150DE0D}.Debug|x64.ActiveCfg = Debug|x64
		{19A8ABA5-58EC-4248-89C2-AB489150DE0D}.Debug|x64.Build.0 = Debug|x64
		{19A8ABA5-58EC-4248-89C2-AB489150DE0D}.Debug|x86.ActiveCfg = Debug|Win32
		{19A8ABA5-58EC-4248-89C2-AB489150DE0D}.Debug|x86.Build.0 = Debug|Win32
		{19A8ABA5-58EC-4248-89C2-AB489150DE0D}.Release|x64.ActiveCfg = Release|x64
		{19A8ABA5-58EC-4248-89C2-AB489150DE0D}.Release|x64.Build.0 = Release|x64
		{19A8ABA5-58EC-4248-89C2-AB489150DE0D}.Release|x86.ActiveCfg = Release|Win32
		{19A8ABA5-58EC-4248-89C2-AB489150DE0D}.Release|x86.Build.0 = Release|Win32
		{36869DA4-5C24-4307-9266-6C77D70008B6}.Debug|x64.ActiveCfg = Debug|x64
		{36869DA4-5C24-4307-9266-6C77D70008B6}.Debug|x64.Build.0 = Debug|x64
		{36869DA4-5C24-4307-9266-6C77D70008B6}.Debug|x86.ActiveCfg = Debug|Win32
		{36869DA4-5C24-4307-9266-6C77D70008B6}.Debug|x86.Build.0 = Debug|Win32
		{36869DA4-5C24-4307-9266-6C77D70008B6}.Release|x64.ActiveCfg = Release|x64
		{36869DA4-5C24-4307-9266-6C77D70008B6}.Release|x64.Build.0 = Release|x64
		{36869DA4-5C24-4307-9266-6C77D70008B6}.Release|x86.ActiveCfg = Release|Win32
		{36869DA4-5C24-4307-9266-6C77D70008B6}.Release|x86.Build.0 = Release|Win32
		{ABB09F77-230B-45A3-8C82-AD453E22BF91}.Debug|x64.ActiveCfg = Debug|x64
		{ABB09F77-230B-45A3-8C82-AD453E22BF91}.Debug|x64.Build.0 = Debug|x64
		{ABB09F77-230B-45A3-8C82-AD453E22BF91}.Debug|x86.ActiveCfg = Debug|Win32
		{ABB09F77-230B-45A3-8C82-AD453E22BF91}.Debug|x86.Build.0 = Debug|Win32
		{ABB09F77-230B-45A3-8C82-AD453E22BF91}.Release|x64.ActiveCfg = Release|x64
		{ABB09F77-230B-45A3-8C82-AD453E22BF91}.Release|x64.Build.0 = Release|x64
		{ABB09F77-230B-45A3-8C82-AD453E22BF91}.Release|x86.ActiveCfg = Release|Win32
		{ABB09F77-230B-45A3-8C82-AD453E22BF91}.Release|x86.Build.0 = Release|Win32
		{58E2CAB7-7B67-40F2-90A0-4F2FA097CA41}.Debug|x64.ActiveCfg = Debug|x64
		{58E2CAB7-7B67-40F2-90A0-4F2FA097CA41}.Debug|x64.Build.0 = Debug|x64
		{58E2CAB7-7B67-40F2-90A0-4F2FA097CA41}.Debug|x86.ActiveCfg = Debug|Win32
		{58E2CAB7-7B67-40F2-90A0-4F2FA097CA41}.Debug|x86.Build.0 = Debug|Win32
		{58E2CAB7-7B67-40F2-90A0-4F2FA097CA41}.Release|x64.ActiveCfg = Release|x64
		{58E2CAB7-7B67-40F2-90A0-4F2FA097CA41}.Release|x64.Build.0 = Release|x64
		{58E2CAB7-7B67-40F2-90A0-4F2FA097CA41}.Release|x86.ActiveCfg = Release|Win32
		{58E2CAB7-7B67-40F2-90A0-4F2FA097CA41}.Release|x86.Build.0 = Release|Win32
		{4498B821-0CF4-4E4E-BE31-25FB88A21571}.Debug|x64.ActiveCfg = Debug|x64
		{4498B821-0CF4-4E4E-BE31-25FB88A21571}.Debug|x64.Build.0 = Debug|x64
		{4498B821-0CF4-4E4E-BE31-25FB88A21571}.Debug|x86.ActiveCfg = Debug|Win32
		{4498B821-0CF4-4E4E-BE31-25FB88A21571}.Debug|x86.Build.0 = Debug|Win32
		{4498B821-0CF4-4E4E-BE31-25FB88A21571}.Release|x64.ActiveCfg = Release|x64
		{4498B821-0CF4-4E4E-BE31-25FB88A21571}.Release|x64.Build.0 = Release|x64
		{4498B821-0CF4-4E4E-BE31-25FB88A21571}.Release|x86.ActiveCfg = Release|Win32
		{4498B821-0CF4-4E4E-BE31-25FB88A21571}.Release|x86.Build.0 = Release|Win32
		{68BB4A26-EA7C-496D-9892-CD04F338C38B}.Debug|x64.ActiveCfg = Debug|x64
		{68BB4A26-EA7C-496D-9892-CD04F338C38B}.Debug|x64.Build.0 = Debug|x64
		{68BB4A26-EA7C-496D-9892-CD04F338C38B}.Debug|x86.ActiveCfg = Debug|Win32
		{68BB4A26-EA7C-496D-9892-CD04F338C38B}.Debug|x86.Build.0 = Debug|Win32
		{68BB4A26-EA7C-496D-9892-CD04F338C38B}.Release|x64.ActiveCfg = Release|x64
		{68BB4A26-EA7C-496D-9892-CD04F338C38B}.Release|x64.Build.0 = Release|x64
		{68BB4A26-EA7C-496D-9892-CD04F338C38B}.Release|x86.ActiveCfg = Release|Win32
		{68BB4A26-EA7C-496D-9892-CD04F338C38B}.Release|x86.Build.0 = Release|Win32
		{34DB392F-191B-401B-93D6-2FA49385AEE5}.Debug|x64.ActiveCfg = Debug|x64
		{34DB392F-191B-401B-93D6-2FA49385AEE5}.Debug|x64.Build.0 = Debug|x64
		{34DB392F-191B-401B-93D6-2FA49385AEE5}.Debug|x86.ActiveCfg = Debug|Win32
		{34DB392F-191B-401B-93D6-2FA49385AEE5}.Debug|x86.Build.0 = Debug|Win32
		{34DB392F-191B-401B-93D6-2FA49385AEE5}.Release|x64.ActiveCfg = Release|x64
		{34DB392F-191B-401B-93D6-2FA49385AEE5}.Release|x64.Build.0 = Release|x64
		{34DB392F-191B-401B-93D6-2FA49385AEE5}.Release|x86.ActiveCfg = Release|Win32
		{34DB392F-191B-401B-93D6-2FA49385AEE5}.Release|x86.Build.0 = Release|Win32
		{285AF4F6-6375-4FB2-BDB7-98B8A9939F27}.Debug|x64.ActiveCfg = Debug|x64
		{285AF4F6-6375-4FB2-BDB7-98B8A9939F27}.Debug|x64.Build.0 = Debug|x64
		{285AF4F6-6375-4FB2-BDB7-98B8A9939F27}.Debug|x86.ActiveCfg = Debug|Win32
		{285AF4F6-6375-4FB2-BDB7-98B8A9939F27}.Debug|x86.Build.0 = Debug|Win32
		{285AF4F6-6375-4FB2-BDB7-98B8A9939F27}.Release|x64.ActiveCfg = Release|x64
		{285AF4F6-6375-4FB2-BDB7-98B8A9939F27}.Release|x64.Build.0 = Release|x64
		{285AF4F6-6375-4FB2-BDB7-98B8A9939F27}.Release|x86.ActiveCfg = Release|Win32
		{285AF4F6-6375-4FB2-BDB7-98B8A9939F27}.Release|x86.Build.0 = Release|Win32
		{AE86AD9F-DC34-4BED-978C-6A6B5488A7BA}.Debug|x64.ActiveCfg = Debug|x64
		{AE86AD9F-DC34-4BED-978C-6A6B5488A7BA}.Debug|x64.Build.0 = Debug|x64
		{AE86AD9F-DC34-4BED-978C-6A6B5488A7BA}.Debug|x86.ActiveCfg = Debug|Win32
		{AE86AD9F-DC34-4BED-978C-6A6B5488A7BA}.Debug|x86.Build.0 = Debug|Win32
		{AE86AD9F-DC34-4BED-978C-6A6B5488A7BA}.Release|x64.ActiveCfg = Release|x64
		{AE86AD9F-DC34-4BED-978C-6A6B5488A7BA}.Release|x64.Build.0 = Release|x64
		{AE86AD9F-DC34-4BED-978C-6A6B5488A7BA}.Release|x86.ActiveCfg = Release|Win32
		{AE86AD9F-DC34-4BED-978C-6A6B5488A7BA}.Release|x86.Build.0 = Release|Win32
		{EBD0DAC7-5CF2-4208-B009-F5989AB19525}.Debug|x64.ActiveCfg = Debug|x64
		{EBD0DAC7-5CF2-4208-B009-F5989AB19525}.Debug|x64.Build.0 = Debug|x64
		{EBD0DAC7-5CF2-4208-B009-F5989AB19525}.Debug|x86.ActiveCfg = Debug|Win32
		{EBD0DAC7-5CF2-4208-B009-F5989AB19525}.Debug|x86.Build.0 = Debug|Win32
		{EBD0DAC7-5CF2-4208-B009-F5989AB19525}.Release|x64.ActiveCfg = Release|x64
		{EBD0DAC7-5CF2-4208-B009-F5989AB19525}.Release|x64.Build.0 = Release|x64
		{EBD0DAC7-5CF2-4208-B009-F5989AB19525}.Release|x86.ActiveCfg = Release|Win32
		{EBD0DAC7-5CF2-4208-B009-F5989AB19525}.Release|x86.Build.0 = Release|Win32
		{AB13FF24-B491-47FF-86F1-6DF85F3D4629}.Debug|x64.ActiveCfg = Debug|x64
		{AB13FF24-B491-47FF-86F1-6DF85F3D4629}.Debug|x64.Build.0 = Debug|x64
		{AB13FF24-B491-47FF-86F1-6DF85F3D4629}.Debug|x86.ActiveCfg = Debug|Win32
		{AB13FF24-B491-47FF-86F1-6DF85F3D4629}.Debug|x86.Build.0 = Debug|Win32
		{AB13FF24-B491-47FF-86F1-6DF85F3D4629}.Release|x64.ActiveCfg = Release|x64
		{AB13FF24-B491-47FF-86F1-6DF85F3D4629}.Release|x64.Build.0 = Release|x64
		{AB13FF24-B491-47FF-86F1-6DF85F3D4629}.Release|x86.ActiveCfg = Release|Win32
		{AB13FF24-B491-47FF-86F1-6DF85F3D4629}.Release|x86.Build.0 = Release|Win32
		{CA08270C-C210-4CD0-8DB9-232A589A4E47}.Debug|x64.ActiveCfg = Debug|x64
		{CA08270C-C210-4CD0-8DB9-232A589A4E47}.Debug|x64.Build.0 = Debug|x64
		{CA08270C-C210-4CD0-8DB9-232A589A4E47}.Debug|x86.ActiveCfg = Debug|Win32
		{CA08270C-C210-4CD0-8DB9-232A589A4E47}.Debug|x86.Build.0 = Debug|Win32
		{CA08270C-C210-4CD0-8DB9-232A589A4E47}.Release|x64.ActiveCfg = Release|x64
		{CA08270C-C210-4CD0-8DB9-232A589A4E47}.Release|x64.Build.0 = Release|x64
		{CA08270C-C210-4CD0-8DB9-232A589A4E47}.Release|x86.ActiveCfg = Release|Win32
		{CA08270C-C210-4CD0-8DB9-232A589A4E47}.Release|x86.Build.0 = Release|Win32
		{B42A76EF-E25F-4390-834A-1DD29D27EDA4}.Debug|x64.ActiveCfg = Debug|x64
		{B42A76EF-E25F-4390-834A-1DD29D27EDA4}.Debug|x64.Build.0 = Debug|x64
		{B42A76EF-E25F-4390-834A-1DD29D27EDA4}.Debug|x86.ActiveCfg = Debug|Win32
		{B42A76EF-E25F-4390-834A-1DD29D27EDA4}.Debug|x86.Build.0 = Debug|Win32
		{B42A76EF-E25F-4390-834A-1DD29D27EDA4}.Release|x64.ActiveCfg = Release|x64
		{B42A76EF-E25F-4390-834A-1DD29D27EDA4}.Release|x64.Build.0 = Release|x64
		{B42A76EF-E25F-4390-834A-1DD29D27EDA4}.Release|x86.ActiveCfg = Release|Win32
		{B42A76EF-E25F-4390-834A-1DD29D27EDA4}.Release|x86.Build.0 = Release|Win32
		{A4599945-989C-4A8B-8FD1-49D8B10852D3}.Debug|x64.ActiveCfg = Debug|x64
		{A4599945-989C-4A8B-8FD1-49D8B10852D3}.Debug|x64.Build.0 = Debug|x64
		{A4599945-989C-4A8B-8FD1-49D8B10852D3}.Debug|x86.ActiveCfg = Debug|Win32
		{A4599945-989C-4A8B-8FD1-49D8B10852D3}.Debug|x86.Build.0 = Debug|Win32
		{A4599945-989C-4A8B-8FD1-49D8B10852D3}.Release|x64.ActiveCfg = Release|x64
		{A4599945-989C-4A8B-8FD1-49D8B10852D3}.Release|x64.Build.0 = Release|x64
		{A4599945-989C-4A8B-8FD1-49D8B10852D3}.Release|x86.ActiveCfg = Release|Win32
		{A4599945-989C-4A8B-8FD1-49D8B10852D3}.Release|x86.Build.0 = Release|Win32
		{E1F52CC0-27D9-44F9-B9BD-4DF45C607F72}.Debug|x64.ActiveCfg = Debug|x64
		{E1F52CC0-27D9-44F9-B9BD-4DF45C607F72}.Debug|x64.Build.0 = Debug|x64
		{E1F52CC0-27D9-44F9-B9BD-4DF45C607F72}.Debug|x86.ActiveCfg = Debug|Win32
		{E1F52CC0-27D9-44F9-B9BD-4DF45C607F72}.Debug|x86.Build.0 = Debug|Win32
		{E1F52CC0-27D9-44F9-B9BD-4DF45C607F72}.Release|x64.ActiveCfg = Release|x64
		{E1F52CC0-27D9-44F9-B9BD-4DF45C607F72}.Release|x64.Build.0 = Release|x64
		{E1F52CC0-27D9-44F9-B9BD-4DF45C607F72}.Release|x86.ActiveCfg = Release|Win32
		{E1F52CC0-27D9-44F9-B9BD-4DF45C607F72}.Release|x86.Build.0 = Release|Win32
		{7E1EB646-63FD-4081-A4C4-61A7AADEA80C}.Debug|x64.ActiveCfg = Debug|x64
		{7E1EB646-63FD-4081-A4C4-61A7AADEA80C}.Debug|x64.Build.0 = Debug|x64
		{7E1EB646-63FD-4081-A4C4-61A7AADEA80C}.Debug|x86.ActiveCfg = Debug|Win32
		{7E1EB646-63FD-4081-A4C4-61A7AADEA80C}.Debug|x86.Build.0 = Debug|Win32
		{7E1EB646-63FD-4081-A4C4-61A7AADEA80C}.Release|x64.ActiveCfg = Release|x64
		{7E1EB646-63FD-4081-A4C4-61A7AADEA80C}.Release|x64.Build.0 = Release|x64
		{7E1EB646-63FD-4081-A4C4-61A7AADEA80C}.Release|x86.ActiveCfg = Release|Win32
		{7E1EB646-63FD-4081-A4C4-61A7AADEA80C}.Release|x86.Build.0 = Release|Win32
		{E6A038B5-5DDE-48E8-B9FD-8B45090BCC90}.Debug|x64.ActiveCfg = Debug|x64
		{E6A038B5-5DDE-48E8-B9FD-8B45090BCC90}.Debug|x64.Build.0 = Debug|x64
		{E6A038B5-5DDE-48E8-B9FD-8B45090BCC90}.Debug|x86.ActiveCfg = Debug|Win32
		{E6A038B5-5DDE-48E8-B9FD-8B45090BCC90}.Debug|x86.Build.0 = Debug|Win32
		{E6A038B5-5DDE-48E8-B9FD-8B45090BCC90}.Release|x64.ActiveCfg = Release|x64
		{E6A038B5-5DDE-48E8-B9FD-8B45090BCC90}.Release|x64.Build.0 = Release|x64
		{E6A038B5-5DDE-48E8-B9FD-8B45090BCC90}.Release|x86.ActiveCfg = Release|Win32
		{E6A038B5-5DDE-48E8-B9FD-8B45090BCC90}.Release|x86.Build.0 = Release|Win32
		{5CD756AE-6B96-4D0D-BF92-F3A283CCCD44}.Debug|x64.ActiveCfg = Debug|x64
		{5CD756AE-6B96-4D0D-BF92-F3A283CCCD44}.Debug|x64.Build.0 = Debug|x64
		{5CD756AE-6B96-4D0D-BF92-F3A283CCCD44}.Debug|x86.ActiveCfg = Debug|Win32
		{5CD756AE-6B96-4D0D-BF92-F3A283CCCD44}.Debug|x86.Build.0 = Debug|Win32
		{5CD756AE-6B96-4D0D-BF92-F3A283CCCD44}.Release|x64.ActiveCfg = Release|x64
		{5CD756AE-6B96-4D0D-BF92-F3A283CCCD44}.Release|x64.Build.0 = Release|x64
		{5CD756AE-6B96-4D0D-BF92-F3A283CCCD44}.Release|x86.ActiveCfg = Release|Win32
		{5CD756AE-6B96-4D0D-BF92-F3A283CCCD44}.Release|x86.Build.0 = Release|Win32
		{EE7EFECD-0EAB-42A3-9E23-F7AB189EFFDB}.Debug|x64.ActiveCfg = Debug|x64
		{EE7EFECD-0EAB-42A3-9E23-F7AB189EFFDB}.Debug|x64.Build.0 = Debug|x64
		{EE7EFECD-0EAB-42A3-9E23-F7AB189EFFDB}.Debug|x86.ActiveCfg = Debug|Win32
		{EE7EFECD-0EAB-42A3-9E23-F7AB189EFFDB}.Debug|x86.Build.0 = Debug|Win32
		{EE7EFECD-0EAB-42A3-9E23-F7AB189EFFDB}.Release|x64.ActiveCfg = Release|x64
		{EE7EFECD-0EAB-42A3-9E23-F7AB189EFFDB}.Release|x64.Build.0 = Release|x64
		{EE7EFECD-0EAB-42A3-9E23-F7AB189EFFDB}.Release|x86.ActiveCfg = Release|Win32
		{EE7EFECD-0EAB-42A3-9E23-F7AB189EFFDB}.Release|x86.Build.0 = Release|Win32
		{CCC1FC5B-954D-4855-A684-349B2FEA6E47}.Debug|x64.ActiveCfg = Debug|x64
		{CCC1FC5B-954D-4855-A684-349B2FEA6E47}.Debug|x64.Build.0 = Debug|x64
		{CCC1FC5B-954D-4855-A684-349B2FEA6E47}.Debug|x86.ActiveCfg = Debug|Win32
		{CCC1FC5B-954D-4855-A684-349B2FEA6E47}.Debug|x86.Build.0 = Debug|Win32
		{CCC1FC5B-954D-4855-A684-349B2FEA6E47}.Release|x64.ActiveCfg = Release|x64
		{CCC1FC5B-954D-4855-A684-349B2FEA6E47}.Release|x64.Build.0 = Release|x64
		{CCC1FC5B-954D-4855-A684-349B2FEA6E47}.Release|x86.ActiveCfg = Release|Win32
		{CCC1FC5B-954D-4855-A684-349B2FEA6E47}.Release|x86.Build.0 = Release|Win32
		{BCA377C1-A1E0-4D82-A708-FF4907BEDCAF}.Debug|x64.ActiveCfg = Debug|x64
		{BCA377C1-A1E0-4D82-A708-FF4907BEDCAF}.Debug|x64.Build.0 = Debug|x64
		{BCA377C1-A1E0-4D82-A708-FF4907BEDCAF}.Debug|x86.ActiveCfg = Debug|Win32
		{BCA377C1-A1E0-4D82-A708-FF4907BEDCAF}.Debug|x86.Build.0 = Debug|Win32
		{BCA377C1-A1E0-4D82-A708-FF4907BEDCAF}.Release|x64.ActiveCfg = Release|x64
		{BCA377C1-A1E0-4D82-A708-FF4907BEDCAF}.Release|x64.Build.0 = Release|x64
		{BCA377C1-A1E0-4D82-A708-FF4907BEDCAF}.Release|x86.ActiveCfg = Release|Win32
		{BCA377C1-A1E0-4D82-A708-FF4907BEDCAF}.Release|x86.Build.0 = Release|Win32
		{105559F8-BCED-4B03-AC2E-E20FA7D0CA51}.Debug|x64.ActiveCfg = Debug|x64
		{105559F8-BCED-4B03-AC2E-E20FA7D0CA51}.Debug|x64.Build.0 = Debug|x64
		{105559F8-BCED-4B03-AC2E-E20FA7D0CA51}.Debug|x86.ActiveCfg = Debug|Win32
		{105559F8-BCED-4B03-AC2E-E20FA7D0CA51}.Debug|x86.Build.0 = Debug|Win32
		{105559F8-BCED-4B03-AC2E-E20FA7D0CA51}.Release|x64.ActiveCfg = Release|x64
		{105559F8-BCED-4B03-AC2E-E20FA7D0CA51}.Release|x64.Build.0 = Release|x64
		{105559F8-BCED-4B03-AC2E-E20FA7D0CA51}.Release|x86.ActiveCfg = Release|Win32
		{105559F8-BCED-4B03-AC2E-E20FA7D0CA51}.Release|x86.Build.0 = Release|Win32
		{2E9D2C39-6725-4FEF-BAD1-C50E49EED619}.Debug|x64.ActiveCfg = Debug|x64
		{2E9D2C39-6725-4FEF-BAD1-C50E49EED619}.Debug|x64.Build.0 = Debug|x64
		{2E9D2C39-6725-4FEF-BAD1-C50E49EED619}.Debug|x86.ActiveCfg = Debug|Win32
		{2E9D2C39-6725-4FEF-BAD1-C50E49EED619}.Debug|x86.Build.0 = Debug|Win32
		{2E9D2C39-6725-4FEF-BAD1-C50E49EED619}.Release|x64.ActiveCfg = Release|x64
		{2E9D2C39-6725-4FEF-BAD1-C50E49EED619}.Release|x64.Build.0 = Release|x64
		{2E9D2C39-6725-4FEF-BAD1-C50E49EED619}.Release|x86.ActiveCfg = Release|Win32
		{2E9D2C39-6725-4FEF-BAD1-C50E49EED619}.Release|x86.Build.0 = Release|Win32
		{1CEFF008-9099-40FA-8DC5-C9B56C59293B}.Debug|x64.ActiveCfg = Debug|x64
		{1CEFF008-9099-40FA-8DC5-C9B56C59293B}.Debug|x64.Build.0 = Debug|x64
		{1CEFF008-9099-40FA-8DC5-C9B56C59293B}.Debug|x86.ActiveCfg = Debug|Win32
		{1CEFF008-9099-40FA-8DC5-C9B56C59293B}.Debug|x86.Build.0 = Debug|Win32
		{1CEFF008-9099-40FA-8DC5-C9B56C59293B}.Release|x64.ActiveCfg = Release|x64
		{1CEFF008-9099-40FA-8DC5-C9B56C59293B}.Release|x64.Build.0 = Release|x64
		{1CEFF008-9099-40FA-8DC5-C9B56C59293B}.Release|x86.ActiveCfg = Release|Win32
		{1CEFF008-9099-40FA-8DC5-C9B56C59293B}.Release|x86.Build.0 = Release|Win32
		{5CE11E2E-3110-4069-98FB-3386A3F0C829}.Debug|x64.ActiveCfg = Debug|x64
		{5CE11E2E-3110-4069-98FB-3386A3F0C829}.Debug|x64.Build.0 = Debug|x64
		{5CE11E2E-3110-4069-98FB-3386A3F0C829}.Debug|x86.ActiveCfg = Debug|Win32
		{5CE11E2E-3110-4069-98FB-3386A3F0C829}.Debug|x86.Build.0 = Debug|Win32
		{5CE11E2E-3110-4069-98FB-3386A3F0C829}.Release|x64.ActiveCfg = Release|x64
		{5CE11E2E-3110-4069-98FB-3386A3F0C829}.Release|x64.Build.0 = Release|x64
		{5CE11E2E-3110-4069-98FB-3386A3F0C829}.Release|x86.ActiveCfg = Release|Win32
		{5CE11E2E-3110-4069-98FB-3386A3F0C829}.Release|x86.Build.0 = Release|Win32
		{F855FB68-BB9E-4D41-A25C-5B272407A96D}.Debug|x64.ActiveCfg = Debug|x64
		{F855FB68-BB9E-4D41-A25C-5B272407A96D}.Debug|x64.Build.0 = Debug|x64
		{F855FB68-BB9E-4D41-A25C-5B272407A96D}.Debug|x86.ActiveCfg = Debug|Win32
		{F855FB68-BB9E-4D41-A25C-5B272407A96D}.Debug|x86.Build.0 = Debug|Win32
		{F855FB68-BB9E-4D41-A25C-5B272407A96D}.Release|x64.ActiveCfg = Release|x64
		{F855FB68-BB9E-4D41-A25C-5B272407A96D}.Release|x64.Build.0 = Release|x64
		{F855FB68-BB9E-4D41-A25C-5B272407A96D}.Release|x86.ActiveCfg = Release|Win32
		{F855FB68-BB9E-4D41-A25C-5B272407A96D}.Release|x86.Build.0 = Release|Win32
		{9961420E-10DF-4730-9743-4FD9AA0D7513}.Debug|x64.ActiveCfg = Debug|x64
		{9961420E-10DF-4730-9743-4FD9AA0D7513}.Debug|x64.Build.0 = Debug|x64
		{9961420E-10DF-4730-9743-4FD9AA0D7513}.Debug|x86.ActiveCfg = Debug|Win32
		{9961420E-10DF-4730-9743-4FD9AA0D7513}.Debug|x86.Build.0 = Debug|Win32
		{9961420E-10DF-4730-9743-4FD9AA0D7513}.Release|x64.ActiveCfg = Release|x64
		{9961420E-10DF-4730-9743-4FD9AA0D7513}.Release|x64.Build.0 = Release|x64
		{9961420E-10DF-4730-9743-4FD9AA0D7513}.Release|x86.ActiveCfg = Release|Win32
		{9961420E-10DF-4730-9743-4FD9AA0D7513}.Release|x86.Build.0 = Release|Win32
		{C8C5E64B-DF18-44A2-BEE7-674E7C332190}.Debug|x64.ActiveCfg = Debug|x64
		{C8C5E64B-DF18-44A2-BEE7-674E7C332190}.Debug|x64.Build.0 = Debug|x64
		{C8C5E64B-DF18-44A2-BEE7-674E7C332190}.Debug|x86.ActiveCfg = Debug|Win32
		{C8C5E64B-DF18-44A2-BEE7-674E7C332190}.Debug|x86.Build.0 = Debug|Win32
		{C8C5E64B-DF18-44A2-BEE7-674E7C332190}.Release|x64.ActiveCfg = Release|x64
		{C8C5E64B-DF18-44A2-BEE7-674E7C332190}.Release|x64.Build.0 = Release|x64
		{C8C5E64B-DF18-44A2-BEE7-674E7C332190}.Release|x86.ActiveCfg = Release|Win32
		{C8C5E64B-DF18-44A2-BEE7-674E7C332190}.Release|x86.Build.0 = Release|Win32
		{2FD13997-3567-493C-8E61-E777CFE25F04}.Debug|x64.ActiveCfg = Debug|x64
		{2FD13997-3567-493C-8E61-E777CFE25F04}.Debug|x64.Build.0 = Debug|x64
		{2FD13997-3567-493C-8E61-E777CFE25F04}.Debug|x86.ActiveCfg = Debug|Win32
		{2FD13997-3567-493C-8E61-E777CFE25F04}.Debug|x86.Build.0 = Debug|Win32
		{2FD13997-3567-493C-8E61-E777CFE25F04}.Release|x64.ActiveCfg = Release|x64
		{2FD13997-3567-493C-8E61-E777CFE25F04}.Release|x64.Build.0 = Release|x64
		{2FD13997-3567-493C-8E61-E777CFE25F04}.Release|x86.ActiveCfg = Release|Win32
		{2FD13997-3567-493C-8E61-E777CFE25F04}.Release|x86.Build.0 = Release|Win32
		{CB2ADF4C-2802-4591-AA05-6DD6B6D3FB3C}.Debug|x64.ActiveCfg = Debug|x64
		{CB2ADF4C-2802-4591-AA05-6DD6B6D3FB3C}.Debug|x64.Build.0 = Debug|x64
		{CB2ADF4C-2802-4591-AA05-6DD6B6D3FB3C}.Debug|x86.ActiveCfg = Debug|Win32
		{CB2ADF4C-2802-4591-AA05-6DD6B6D3FB3C}.Debug|x86.Build.0 = Debug|Win32
		{CB2ADF4C-2802-4591-AA05-6DD6B6D3FB3C}.Release|x64.ActiveCfg = Release|x64
		{CB2ADF4C-2802-4591-AA05-6DD6B6D3FB3C}.Release|x64.Build.0 = Release|x64
		{CB2ADF4C-2802-4591-AA05-6DD6B6D3FB3C}.Release|x86.ActiveCfg = Release|Win32
		{CB2ADF4C-2802-4591-AA05-6DD6B6D3FB3C}.Release|x86.Build.0 = Release|Win32
		{1C9347C7-7DD5-47C1-9B25-D10D5F4516E8}.Debug|x64.ActiveCfg = Debug|x64
		{1C9347C7-7DD5-47C1-9B25-D10D5F4516E8}.Debug|x64.Build.0 = Debug|x64
		{1C9347C7-7DD5-47C1-9B25-D10D5F4516E8}.Debug|x86.ActiveCfg = Debug|Win32
		{1C9347C7-7DD5-47C1-9B25-D10D5F4516E8}.Debug|x86.Build.0 = Debug|Win32
		{1C9347C7-7DD5-47C1-9B25-D10D5F4516E8}.Release|x64.ActiveCfg = Release|x64
		{1C9347C7-7DD5-47C1-9B25-D10D5F4516E8}.Release|x64.Build.0 = Release|x64
		{1C9347C7-7DD5-47C1-9B25-D10D5F4516E8}.Release|x86.ActiveCfg = Release|Win32
		{1C9347C7-7DD5-47C1-9B25-D10D5F4516E8}.Release|x86.Build.0 = Release|Win32
		{42C94839-43F9-4DA6-B7FA-6ED52BD216E7}.Debug|x64.ActiveCfg = Debug|x64
		{42C94839-43F9-4DA6-B7FA-6ED52BD216E7}.Debug|x64.Build.0 = Debug|x64
		{42C94839-43F9-4DA6-B7FA-6ED52BD216E7}.Debug|x86.ActiveCfg = Debug|Win32
		{42C94839-43F9-4DA6-B7FA-6ED52BD216E7}.Debug|x86.Build.0 = Debug|Win32
		{42C94839-43F9-4DA6-B7FA-6ED52BD216E7}.Release|x64.ActiveCfg = Release|x64
		{42C94839-43F9-4DA6-B7FA-6ED52BD216E7}.Release|x64.Build.0 = Release|x64
		{42C94839-43F9-4DA6-B7FA-6ED52BD216E7}.Release|x86.ActiveCfg = Release|Win32
		{42C94839-43F9-4DA6-B7FA-6ED52BD216E7}.Release|x86.Build.0 = Release|Win32
		{EC33A43D-146E-4525-B878-C34C209E2C87}.Debug|x64.ActiveCfg = Debug|x64
		{EC33A43D-146E-4525-B878-C34C209E2C87}.Debug|x64.Build.0 = Debug|x64
		{EC33A43D-146E-4525-B878-C34C209E2C87}.Debug|x86.ActiveCfg = Debug|Win32
		{EC33A43D-146E-4525-B878-C34C209E2C87}.Debug|x86.Build.0 = Debug|Win32
		{EC33A43D-146E-4525-B878-C34C209E2C87}.Release|x64.ActiveCfg = Release|x64
		{EC33A43D-146E-4525-B878-C34C209E2C87}.Release|x64.Build.0 = Release|x64
		{EC33A43D-146E-4525-B878-C34C209E2C87}.Release|x86.ActiveCfg = Release|Win32
		{EC33A43D-146E-4525-B878-C34C209E2C87}.Release|x86.Build.0 = Release|Win32
		{AF263441-7DB6-4839-A07F-129901C4AA15}.Debug|x64.ActiveCfg = Debug|x64
		{AF263441-7DB6-4839-A07F-129901C4AA15}.Debug|x64.Build.0 = Debug|x64
		{AF263441-7DB6-4839-A07F-129901C4AA15}.Debug|x86.ActiveCfg = Debug|Win32
		{AF263441-7DB6-4839-A07F-129901C4AA15}.Debug|x86.Build.0 = Debug|Win32
		{AF263441-7DB6-4839-A07F-129901C4AA15}.Release|x64.ActiveCfg = Release|x64
		{AF263441-7DB6-4839-A07F-129901C4AA15}.Release|x64.Build.0 = Release|x64
		{AF263441-7DB6-4839-A07F-129901C4AA15}.Release|x86.ActiveCfg = Release|Win32
		{AF263441-7DB6-4839-A07F-129901C4AA15}.Release|x86.Build.0 = Release|Win32
		{FEFCBFFB-984A-4D37-9E23-8E5C66C617F5}.Debug|x64.ActiveCfg = Debug|x64
		{FEFCBFFB-984A-4D37-9E23-8E5C66C617F5}.Debug|x64.Build.0 = Debug|x64
		{FEFCBFFB-984A-4D37-9E23-8E5C66C617F5}.Debug|x86.ActiveCfg = Debug|Win32
		{FEFCBFFB-984A-4D37-9E23-8E5C66C617F5}.Debug|x86.Build.0 = Debug|Win32
		{FEFCBFFB-984A-4D37-9E23-8E5C66C617F5}.Release|x64.ActiveCfg = Release|x64
		{FEFCBFFB-984A-4D37-9E23-8E5C66C617F5}.Release|x64.Build.0 = Release|x64
		{FEFCBFFB-984A-4D37-9E23-8E5C66C617F5}.Release|x86.ActiveCfg = Release|Win32
		{FEFCBFFB-984A-4D37-9E23-8E5C66C617F5}.Release|x86.Build.0 = Release|Win32
		{B157B722-B8B7-4C41-BB84-5307E3388160}.Debug|x64.ActiveCfg = Debug|x64
		{B157B722-B8B7-4C41-BB84-5307E3388160}.Debug|x64.Build.0 = Debug|x64
		{B157B722-B8B7-4C41-BB84-5307E3388160}.Debug|x86.ActiveCfg = Debug|Win32
		{B157B722-B8B7-4C41-BB84-5307E3388160}.Debug|x86.Build.0 = Debug|Win32
		{B157B722-B8B7-4C41-BB84-5307E3388160}.Release|x64.ActiveCfg = Release|x64
		{B157B722-B8B7-4C41-BB84-5307E3388160}.Release|x64.Build.0 = Release|x64
		{B157B722-B8B7-4C41-BB84-5307E3388160}.Release|x86.ActiveCfg = Release|Win32
		{B157B722-B8B7-4C41-BB84-5307E3388160}.Release|x86.Build.0 = Release|Win32
		{C5C52312-DC71-47CF-BDA1-B3345D215080}.Debug|x64.ActiveCfg = Debug|x64
		{C5C52312-DC71-47CF-BDA1-B3345D215080}.Debug|x64.Build.0 = Debug|x64
		{C5C52312-DC71-47CF-BDA1-B3345D215080}.Debug|x86.ActiveCfg = Debug|Win32
		{C5C52312-DC71-47CF-BDA1-B3345D215080}.Debug|x86.Build.0 = Debug|Win32
		{C5C52312-DC71-47CF-BDA1-B3345D215080}.Release|x64.ActiveCfg = Release|x64
		{C5C52312-DC71-47CF-BDA1-B3345D215080}.Release|x64.Build.0 = Release|x64
		{C5C52312-DC71-47CF-BDA1-B3345D215080}.Release|x86.ActiveCfg = Release|Win32
		{C5C52312-DC71-47CF-BDA1-B3345D215080}.Release|x86.Build.0 = Release|Win32
		{3694DF66-9D85-4334-B0B7-5DF4D18AEBA4}.Debug|x64.ActiveCfg = Debug|x64
		{3694DF66-9D85-4334-B0B7-5DF4D18AEBA4}.Debug|x64.Build.0 = Debug|x64
		{3694DF66-9D85-4334-B0B7-5DF4D18AEBA4}.Debug|x86.ActiveCfg = Debug|Win32
		{3694DF66-9D85-4334-B0B7-5DF4D18AEBA4}.Debug|x86.Build.0 = Debug|Win32
		{3694DF66-9D85-4334-B0B7-5DF4D18AEBA4}.Release|x64.ActiveCfg = Release|x64
		{3694DF66-9D85-4334-B0B7-5DF4D18AEBA4}.Release|x64.Build.0 = Release|x64
		{3694DF66-9D85-4334-B0B7-5DF4D18AEBA4}.Release|x86.ActiveCfg = Release|Win32
		{3694DF66-9D85-4334-B0B7-5DF4D18AEBA4}.Release|x86.Build.0 = Release|Win32
		{D4A1BC3D-44DD-4657-B594-BB0A47AFA1F1}.Debug|x64.ActiveCfg = Debug|x64
		{D4A1BC3D-44DD-4657-B594-BB0A47AFA1F1}.Debug|x64.Build.0 = Debug|x64
		{D4A1BC3D-44DD-4657-B594-BB0A47AFA1F1}.Debug|x86.ActiveCfg = Debug|Win32
		{D4A1BC3D-44DD-4657-B594-BB0A47AFA1F1}.Debug|x86.Build.0 = Debug|Win32
		{D4A1BC3D-44DD-4657-B594-BB0A47AFA1F1}.Release|x64.ActiveCfg = Release|x64
		{D4A1BC3D-44DD-4657-B594-BB0A47AFA1F1}.Release|x64.Build.0 = Release|x64
		{D4A1BC3D-44DD-4657-B594-BB0A47AFA1F1}.Release|x86.ActiveCfg = Release|Win32
		{D4A1BC3D-44DD-4657-B594-BB0A47AFA1F1}.Release|x86.Build.0 = Release|Win32
		{D15F1759-97C2-4DB0-A76B-B42CB6045A34}.Debug|x64.ActiveCfg = Debug|x64
		{D15F1759-97C2-4DB0-A76B-B42CB6045A34}.Debug|x64.Build.0 = Debug|x64
		{D15F1759-97C2-4DB0-A76B-B42CB6045A34}.Debug|x86.ActiveCfg = Debug|Win32
		{D15F1759-97C2-4DB0-A76B-B42CB6045A34}.Debug|x86.Build.0 = Debug|Win32
		{D15F1759-97C2-4DB0-A76B-B42CB6045A34}.Release|x64.ActiveCfg = Release|x64
		{D15F1759-97C2-4DB0-A76B-B42CB6045A34}.Release|x64.Build.0 = Release|x64
		{D15F1759-97C2-4DB0-A76B-B42CB6045A34}.Release|x86.ActiveCfg = Release|Win32
		{D15F1759-97C2-4DB0-A76B-B42CB6045A34}.Release|x86.Build.0 = Release|Win32
	EndGlobalSection
	GlobalSection(SolutionProperties) = preSolution
		HideSolutionNode = FALSE
	EndGlobalSection
	GlobalSection(ExtensibilityGlobals) = postSolution
		SolutionGuid = {75A66AB5-9BBE-4D0A-9A18-3B8961BC8D6E}
	EndGlobalSection
EndGlobal
