
Microsoft Visual Studio Solution File, Format Version 12.00
# Visual Studio Version 16
VisualStudioVersion = 16.0.30204.135
MinimumVisualStudioVersion = 10.0.40219.1
Project("{8BC9CEB8-8B4A-11D0-8D11-00A0C91BC942}") = "001. 1부터 N까지 M의 배수합", "001. 1부터 N까지 M의 배수합\001. 1부터 N까지 M의 배수합.vcxproj", "{B5AC15B0-286C-4D6F-A5B3-B031A54DD36F}"
EndProject
Project("{8BC9CEB8-8B4A-11D0-8D11-00A0C91BC942}") = "002. 자연수의 합", "002. 자연수의 합\002. 자연수의 합.vcxproj", "{6C27CB12-5CD3-44B5-B16F-7F35E7AFA0A3}"
EndProject
Project("{8BC9CEB8-8B4A-11D0-8D11-00A0C91BC942}") = "003. 진약수의 합", "003. 진약수의 합\003. 진약수의 합.vcxproj", "{3EDD80AE-33C2-4F97-9C2D-6703BF761D7E}"
EndProject
Project("{8BC9CEB8-8B4A-11D0-8D11-00A0C91BC942}") = "004. 나이 차이", "004. 나이 차이\004. 나이 차이.vcxproj", "{671557CE-8628-4A2A-BB20-F5CC47E0F331}"
EndProject
Project("{8BC9CEB8-8B4A-11D0-8D11-00A0C91BC942}") = "005. 나이계산", "005. 나이계산\005. 나이계산.vcxproj", "{FE89271F-2257-4DE7-9FC7-055EDFA024A7}"
EndProject
Project("{8BC9CEB8-8B4A-11D0-8D11-00A0C91BC942}") = "006. 숫자만 추출", "006. 숫자만 추출\006. 숫자만 추출.vcxproj", "{19A8ABA5-58EC-4248-89C2-AB489150DE0D}"
EndProject
Project("{8BC9CEB8-8B4A-11D0-8D11-00A0C91BC942}") = "007. 영어단어 복구", "007. 영어단어 복구\007. 영어단어 복구.vcxproj", "{36869DA4-5C24-4307-9266-6C77D70008B6}"
EndProject
Project("{8BC9CEB8-8B4A-11D0-8D11-00A0C91BC942}") = "008. 올바른 괄호", "008. 올바른 괄호\008. 올바른 괄호.vcxproj", "{ABB09F77-230B-45A3-8C82-AD453E22BF91}"
EndProject
Project("{8BC9CEB8-8B4A-11D0-8D11-00A0C91BC942}") = "009. 모두의 약수", "009. 모두의 약수\009. 모두의 약수.vcxproj", "{58E2CAB7-7B67-40F2-90A0-4F2FA097CA41}"
EndProject
Project("{8BC9CEB8-8B4A-11D0-8D11-00A0C91BC942}") = "010. 자릿수의 합", "010. 자릿수의 합\010. 자릿수의 합.vcxproj", "{4498B821-0CF4-4E4E-BE31-25FB88A21571}"
EndProject
Project("{8BC9CEB8-8B4A-11D0-8D11-00A0C91BC942}") = "011. 숫자의 총 개수(small)", "011. 숫자의 총 개수(small)\011. 숫자의 총 개수(small).vcxproj", "{68BB4A26-EA7C-496D-9892-CD04F338C38B}"
EndProject
Project("{8BC9CEB8-8B4A-11D0-8D11-00A0C91BC942}") = "012. 숫자의 총 개수(large)", "012. 숫자의 총 개수(large)\012. 숫자의 총 개수(large).vcxproj", "{34DB392F-191B-401B-93D6-2FA49385AEE5}"
EndProject
Project("{8BC9CEB8-8B4A-11D0-8D11-00A0C91BC942}") = "013. 가장 많이 사용된 자릿수", "013. 가장 많이 사용된 자릿수\013. 가장 많이 사용된 자릿수.vcxproj", "{285AF4F6-6375-4FB2-BDB7-98B8A9939F27}"
EndProject
Project("{8BC9CEB8-8B4A-11D0-8D11-00A0C91BC942}") = "014. 뒤집은 소수", "014. 뒤집은 소수\014. 뒤집은 소수.vcxproj", "{AE86AD9F-DC34-4BED-978C-6A6B5488A7BA}"
EndProject
Project("{8BC9CEB8-8B4A-11D0-8D11-00A0C91BC942}") = "015. 소수의 개수", "015. 소수의 개수\015. 소수의 개수.vcxproj", "{EBD0DAC7-5CF2-4208-B009-F5989AB19525}"
EndProject
Project("{8BC9CEB8-8B4A-11D0-8D11-00A0C91BC942}") = "016. Anagram", "016. Anagram\016. Anagram.vcxproj", "{AB13FF24-B491-47FF-86F1-6DF85F3D4629}"
EndProject
Project("{8BC9CEB8-8B4A-11D0-8D11-00A0C91BC942}") = "017. 선생님 퀴즈", "017. 선생님 퀴즈\017. 선생님 퀴즈.vcxproj", "{CA08270C-C210-4CD0-8DB9-232A589A4E47}"
EndProject
Project("{8BC9CEB8-8B4A-11D0-8D11-00A0C91BC942}") = "018. 층간소음", "018. 층간소음\018. 층간소음.vcxproj", "{B42A76EF-E25F-4390-834A-1DD29D27EDA4}"
EndProject
Project("{8BC9CEB8-8B4A-11D0-8D11-00A0C91BC942}") = "019. 분노 유발자", "019. 분노 유발자\019. 분노 유발자.vcxproj", "{A4599945-989C-4A8B-8FD1-49D8B10852D3}"
EndProject
Project("{8BC9CEB8-8B4A-11D0-8D11-00A0C91BC942}") = "020. 가위 바위 보", "020. 가위 바위 보\020. 가위 바위 보.vcxproj", "{E1F52CC0-27D9-44F9-B9BD-4DF45C607F72}"
EndProject
Project("{8BC9CEB8-8B4A-11D0-8D11-00A0C91BC942}") = "021. 카드게임", "021. 카드게임\021. 카드게임.vcxproj", "{7E1EB646-63FD-4081-A4C4-61A7AADEA80C}"
EndProject
Project("{8BC9CEB8-8B4A-11D0-8D11-00A0C91BC942}") = "022. 온도의 최대값", "022. 온도의 최대값\022. 온도의 최대값.vcxproj", "{E6A038B5-5DDE-48E8-B9FD-8B45090BCC90}"
EndProject
Project("{8BC9CEB8-8B4A-11D0-8D11-00A0C91BC942}") = "023. 연속 부분 증가수열", "023. 연속 부분 증가수열\023. 연속 부분 증가수열.vcxproj", "{5CD756AE-6B96-4D0D-BF92-F3A283CCCD44}"
EndProject
Project("{8BC9CEB8-8B4A-11D0-8D11-00A0C91BC942}") = "024. Jolly Jumpers", "024. Jolly Jumpers\024. Jolly Jumpers.vcxproj", "{EE7EFECD-0EAB-42A3-9E23-F7AB189EFFDB}"
EndProject
Project("{8BC9CEB8-8B4A-11D0-8D11-00A0C91BC942}") = "025. 석차 구하기", "025. 석차 구하기\025. 석차 구하기.vcxproj", "{CCC1FC5B-954D-4855-A684-349B2FEA6E47}"
EndProject
Project("{8BC9CEB8-8B4A-11D0-8D11-00A0C91BC942}") = "026. 마라톤", "026. 마라톤\026. 마라톤.vcxproj", "{BCA377C1-A1E0-4D82-A708-FF4907BEDCAF}"
EndProject
Project("{8BC9CEB8-8B4A-11D0-8D11-00A0C91BC942}") = "027. N!의 표현법", "027. N!의 표현법\027. N!의 표현법.vcxproj", "{105559F8-BCED-4B03-AC2E-E20FA7D0CA51}"
EndProject
Global
	GlobalSection(SolutionConfigurationPlatforms) = preSolution
		Debug|x64 = Debug|x64
		Debug|x86 = Debug|x86
		Release|x64 = Release|x64
		Release|x86 = Release|x86
	EndGlobalSection
	GlobalSection(ProjectConfigurationPlatforms) = postSolution
		{B5AC15B0-286C-4D6F-A5B3-B031A54DD36F}.Debug|x64.ActiveCfg = Debug|x64
		{B5AC15B0-286C-4D6F-A5B3-B031A54DD36F}.Debug|x64.Build.0 = Debug|x64
		{B5AC15B0-286C-4D6F-A5B3-B031A54DD36F}.Debug|x86.ActiveCfg = Debug|Win32
		{B5AC15B0-286C-4D6F-A5B3-B031A54DD36F}.Debug|x86.Build.0 = Debug|Win32
		{B5AC15B0-286C-4D6F-A5B3-B031A54DD36F}.Release|x64.ActiveCfg = Release|x64
		{B5AC15B0-286C-4D6F-A5B3-B031A54DD36F}.Release|x64.Build.0 = Release|x64
		{B5AC15B0-286C-4D6F-A5B3-B031A54DD36F}.Release|x86.ActiveCfg = Release|Win32
		{B5AC15B0-286C-4D6F-A5B3-B031A54DD36F}.Release|x86.Build.0 = Release|Win32
		{6C27CB12-5CD3-44B5-B16F-7F35E7AFA0A3}.Debug|x64.ActiveCfg = Debug|x64
		{6C27CB12-5CD3-44B5-B16F-7F35E7AFA0A3}.Debug|x64.Build.0 = Debug|x64
		{6C27CB12-5CD3-44B5-B16F-7F35E7AFA0A3}.Debug|x86.ActiveCfg = Debug|Win32
		{6C27CB12-5CD3-44B5-B16F-7F35E7AFA0A3}.Debug|x86.Build.0 = Debug|Win32
		{6C27CB12-5CD3-44B5-B16F-7F35E7AFA0A3}.Release|x64.ActiveCfg = Release|x64
		{6C27CB12-5CD3-44B5-B16F-7F35E7AFA0A3}.Release|x64.Build.0 = Release|x64
		{6C27CB12-5CD3-44B5-B16F-7F35E7AFA0A3}.Release|x86.ActiveCfg = Release|Win32
		{6C27CB12-5CD3-44B5-B16F-7F35E7AFA0A3}.Release|x86.Build.0 = Release|Win32
		{3EDD80AE-33C2-4F97-9C2D-6703BF761D7E}.Debug|x64.ActiveCfg = Debug|x64
		{3EDD80AE-33C2-4F97-9C2D-6703BF761D7E}.Debug|x64.Build.0 = Debug|x64
		{3EDD80AE-33C2-4F97-9C2D-6703BF761D7E}.Debug|x86.ActiveCfg = Debug|Win32
		{3EDD80AE-33C2-4F97-9C2D-6703BF761D7E}.Debug|x86.Build.0 = Debug|Win32
		{3EDD80AE-33C2-4F97-9C2D-6703BF761D7E}.Release|x64.ActiveCfg = Release|x64
		{3EDD80AE-33C2-4F97-9C2D-6703BF761D7E}.Release|x64.Build.0 = Release|x64
		{3EDD80AE-33C2-4F97-9C2D-6703BF761D7E}.Release|x86.ActiveCfg = Release|Win32
		{3EDD80AE-33C2-4F97-9C2D-6703BF761D7E}.Release|x86.Build.0 = Release|Win32
		{671557CE-8628-4A2A-BB20-F5CC47E0F331}.Debug|x64.ActiveCfg = Debug|x64
		{671557CE-8628-4A2A-BB20-F5CC47E0F331}.Debug|x64.Build.0 = Debug|x64
		{671557CE-8628-4A2A-BB20-F5CC47E0F331}.Debug|x86.ActiveCfg = Debug|Win32
		{671557CE-8628-4A2A-BB20-F5CC47E0F331}.Debug|x86.Build.0 = Debug|Win32
		{671557CE-8628-4A2A-BB20-F5CC47E0F331}.Release|x64.ActiveCfg = Release|x64
		{671557CE-8628-4A2A-BB20-F5CC47E0F331}.Release|x64.Build.0 = Release|x64
		{671557CE-8628-4A2A-BB20-F5CC47E0F331}.Release|x86.ActiveCfg = Release|Win32
		{671557CE-8628-4A2A-BB20-F5CC47E0F331}.Release|x86.Build.0 = Release|Win32
		{FE89271F-2257-4DE7-9FC7-055EDFA024A7}.Debug|x64.ActiveCfg = Debug|x64
		{FE89271F-2257-4DE7-9FC7-055EDFA024A7}.Debug|x64.Build.0 = Debug|x64
		{FE89271F-2257-4DE7-9FC7-055EDFA024A7}.Debug|x86.ActiveCfg = Debug|Win32
		{FE89271F-2257-4DE7-9FC7-055EDFA024A7}.Debug|x86.Build.0 = Debug|Win32
		{FE89271F-2257-4DE7-9FC7-055EDFA024A7}.Release|x64.ActiveCfg = Release|x64
		{FE89271F-2257-4DE7-9FC7-055EDFA024A7}.Release|x64.Build.0 = Release|x64
		{FE89271F-2257-4DE7-9FC7-055EDFA024A7}.Release|x86.ActiveCfg = Release|Win32
		{FE89271F-2257-4DE7-9FC7-055EDFA024A7}.Release|x86.Build.0 = Release|Win32
		{19A8ABA5-58EC-4248-89C2-AB489150DE0D}.Debug|x64.ActiveCfg = Debug|x64
		{19A8ABA5-58EC-4248-89C2-AB489150DE0D}.Debug|x64.Build.0 = Debug|x64
		{19A8ABA5-58EC-4248-89C2-AB489150DE0D}.Debug|x86.ActiveCfg = Debug|Win32
		{19A8ABA5-58EC-4248-89C2-AB489150DE0D}.Debug|x86.Build.0 = Debug|Win32
		{19A8ABA5-58EC-4248-89C2-AB489150DE0D}.Release|x64.ActiveCfg = Release|x64
		{19A8ABA5-58EC-4248-89C2-AB489150DE0D}.Release|x64.Build.0 = Release|x64
		{19A8ABA5-58EC-4248-89C2-AB489150DE0D}.Release|x86.ActiveCfg = Release|Win32
		{19A8ABA5-58EC-4248-89C2-AB489150DE0D}.Release|x86.Build.0 = Release|Win32
		{36869DA4-5C24-4307-9266-6C77D70008B6}.Debug|x64.ActiveCfg = Debug|x64
		{36869DA4-5C24-4307-9266-6C77D70008B6}.Debug|x64.Build.0 = Debug|x64
		{36869DA4-5C24-4307-9266-6C77D70008B6}.Debug|x86.ActiveCfg = Debug|Win32
		{36869DA4-5C24-4307-9266-6C77D70008B6}.Debug|x86.Build.0 = Debug|Win32
		{36869DA4-5C24-4307-9266-6C77D70008B6}.Release|x64.ActiveCfg = Release|x64
		{36869DA4-5C24-4307-9266-6C77D70008B6}.Release|x64.Build.0 = Release|x64
		{36869DA4-5C24-4307-9266-6C77D70008B6}.Release|x86.ActiveCfg = Release|Win32
		{36869DA4-5C24-4307-9266-6C77D70008B6}.Release|x86.Build.0 = Release|Win32
		{ABB09F77-230B-45A3-8C82-AD453E22BF91}.Debug|x64.ActiveCfg = Debug|x64
		{ABB09F77-230B-45A3-8C82-AD453E22BF91}.Debug|x64.Build.0 = Debug|x64
		{ABB09F77-230B-45A3-8C82-AD453E22BF91}.Debug|x86.ActiveCfg = Debug|Win32
		{ABB09F77-230B-45A3-8C82-AD453E22BF91}.Debug|x86.Build.0 = Debug|Win32
		{ABB09F77-230B-45A3-8C82-AD453E22BF91}.Release|x64.ActiveCfg = Release|x64
		{ABB09F77-230B-45A3-8C82-AD453E22BF91}.Release|x64.Build.0 = Release|x64
		{ABB09F77-230B-45A3-8C82-AD453E22BF91}.Release|x86.ActiveCfg = Release|Win32
		{ABB09F77-230B-45A3-8C82-AD453E22BF91}.Release|x86.Build.0 = Release|Win32
		{58E2CAB7-7B67-40F2-90A0-4F2FA097CA41}.Debug|x64.ActiveCfg = Debug|x64
		{58E2CAB7-7B67-40F2-90A0-4F2FA097CA41}.Debug|x64.Build.0 = Debug|x64
		{58E2CAB7-7B67-40F2-90A0-4F2FA097CA41}.Debug|x86.ActiveCfg = Debug|Win32
		{58E2CAB7-7B67-40F2-90A0-4F2FA097CA41}.Debug|x86.Build.0 = Debug|Win32
		{58E2CAB7-7B67-40F2-90A0-4F2FA097CA41}.Release|x64.ActiveCfg = Release|x64
		{58E2CAB7-7B67-40F2-90A0-4F2FA097CA41}.Release|x64.Build.0 = Release|x64
		{58E2CAB7-7B67-40F2-90A0-4F2FA097CA41}.Release|x86.ActiveCfg = Release|Win32
		{58E2CAB7-7B67-40F2-90A0-4F2FA097CA41}.Release|x86.Build.0 = Release|Win32
		{4498B821-0CF4-4E4E-BE31-25FB88A21571}.Debug|x64.ActiveCfg = Debug|x64
		{4498B821-0CF4-4E4E-BE31-25FB88A21571}.Debug|x64.Build.0 = Debug|x64
		{4498B821-0CF4-4E4E-BE31-25FB88A21571}.Debug|x86.ActiveCfg = Debug|Win32
		{4498B821-0CF4-4E4E-BE31-25FB88A21571}.Debug|x86.Build.0 = Debug|Win32
		{4498B821-0CF4-4E4E-BE31-25FB88A21571}.Release|x64.ActiveCfg = Release|x64
		{4498B821-0CF4-4E4E-BE31-25FB88A21571}.Release|x64.Build.0 = Release|x64
		{4498B821-0CF4-4E4E-BE31-25FB88A21571}.Release|x86.ActiveCfg = Release|Win32
		{4498B821-0CF4-4E4E-BE31-25FB88A21571}.Release|x86.Build.0 = Release|Win32
		{68BB4A26-EA7C-496D-9892-CD04F338C38B}.Debug|x64.ActiveCfg = Debug|x64
		{68BB4A26-EA7C-496D-9892-CD04F338C38B}.Debug|x64.Build.0 = Debug|x64
		{68BB4A26-EA7C-496D-9892-CD04F338C38B}.Debug|x86.ActiveCfg = Debug|Win32
		{68BB4A26-EA7C-496D-9892-CD04F338C38B}.Debug|x86.Build.0 = Debug|Win32
		{68BB4A26-EA7C-496D-9892-CD04F338C38B}.Release|x64.ActiveCfg = Release|x64
		{68BB4A26-EA7C-496D-9892-CD04F338C38B}.Release|x64.Build.0 = Release|x64
		{68BB4A26-EA7C-496D-9892-CD04F338C38B}.Release|x86.ActiveCfg = Release|Win32
		{68BB4A26-EA7C-496D-9892-CD04F338C38B}.Release|x86.Build.0 = Release|Win32
		{34DB392F-191B-401B-93D6-2FA49385AEE5}.Debug|x64.ActiveCfg = Debug|x64
		{34DB392F-191B-401B-93D6-2FA49385AEE5}.Debug|x64.Build.0 = Debug|x64
		{34DB392F-191B-401B-93D6-2FA49385AEE5}.Debug|x86.ActiveCfg = Debug|Win32
		{34DB392F-191B-401B-93D6-2FA49385AEE5}.Debug|x86.Build.0 = Debug|Win32
		{34DB392F-191B-401B-93D6-2FA49385AEE5}.Release|x64.ActiveCfg = Release|x64
		{34DB392F-191B-401B-93D6-2FA49385AEE5}.Release|x64.Build.0 = Release|x64
		{34DB392F-191B-401B-93D6-2FA49385AEE5}.Release|x86.ActiveCfg = Release|Win32
		{34DB392F-191B-401B-93D6-2FA49385AEE5}.Release|x86.Build.0 = Release|Win32
		{285AF4F6-6375-4FB2-BDB7-98B8A9939F27}.Debug|x64.ActiveCfg = Debug|x64
		{285AF4F6-6375-4FB2-BDB7-98B8A9939F27}.Debug|x64.Build.0 = Debug|x64
		{285AF4F6-6375-4FB2-BDB7-98B8A9939F27}.Debug|x86.ActiveCfg = Debug|Win32
		{285AF4F6-6375-4FB2-BDB7-98B8A9939F27}.Debug|x86.Build.0 = Debug|Win32
		{285AF4F6-6375-4FB2-BDB7-98B8A9939F27}.Release|x64.ActiveCfg = Release|x64
		{285AF4F6-6375-4FB2-BDB7-98B8A9939F27}.Release|x64.Build.0 = Release|x64
		{285AF4F6-6375-4FB2-BDB7-98B8A9939F27}.Release|x86.ActiveCfg = Release|Win32
		{285AF4F6-6375-4FB2-BDB7-98B8A9939F27}.Release|x86.Build.0 = Release|Win32
		{AE86AD9F-DC34-4BED-978C-6A6B5488A7BA}.Debug|x64.ActiveCfg = Debug|x64
		{AE86AD9F-DC34-4BED-978C-6A6B5488A7BA}.Debug|x64.Build.0 = Debug|x64
		{AE86AD9F-DC34-4BED-978C-6A6B5488A7BA}.Debug|x86.ActiveCfg = Debug|Win32
		{AE86AD9F-DC34-4BED-978C-6A6B5488A7BA}.Debug|x86.Build.0 = Debug|Win32
		{AE86AD9F-DC34-4BED-978C-6A6B5488A7BA}.Release|x64.ActiveCfg = Release|x64
		{AE86AD9F-DC34-4BED-978C-6A6B5488A7BA}.Release|x64.Build.0 = Release|x64
		{AE86AD9F-DC34-4BED-978C-6A6B5488A7BA}.Release|x86.ActiveCfg = Release|Win32
		{AE86AD9F-DC34-4BED-978C-6A6B5488A7BA}.Release|x86.Build.0 = Release|Win32
		{EBD0DAC7-5CF2-4208-B009-F5989AB19525}.Debug|x64.ActiveCfg = Debug|x64
		{EBD0DAC7-5CF2-4208-B009-F5989AB19525}.Debug|x64.Build.0 = Debug|x64
		{EBD0DAC7-5CF2-4208-B009-F5989AB19525}.Debug|x86.ActiveCfg = Debug|Win32
		{EBD0DAC7-5CF2-4208-B009-F5989AB19525}.Debug|x86.Build.0 = Debug|Win32
		{EBD0DAC7-5CF2-4208-B009-F5989AB19525}.Release|x64.ActiveCfg = Release|x64
		{EBD0DAC7-5CF2-4208-B009-F5989AB19525}.Release|x64.Build.0 = Release|x64
		{EBD0DAC7-5CF2-4208-B009-F5989AB19525}.Release|x86.ActiveCfg = Release|Win32
		{EBD0DAC7-5CF2-4208-B009-F5989AB19525}.Release|x86.Build.0 = Release|Win32
		{AB13FF24-B491-47FF-86F1-6DF85F3D4629}.Debug|x64.ActiveCfg = Debug|x64
		{AB13FF24-B491-47FF-86F1-6DF85F3D4629}.Debug|x64.Build.0 = Debug|x64
		{AB13FF24-B491-47FF-86F1-6DF85F3D4629}.Debug|x86.ActiveCfg = Debug|Win32
		{AB13FF24-B491-47FF-86F1-6DF85F3D4629}.Debug|x86.Build.0 = Debug|Win32
		{AB13FF24-B491-47FF-86F1-6DF85F3D4629}.Release|x64.ActiveCfg = Release|x64
		{AB13FF24-B491-47FF-86F1-6DF85F3D4629}.Release|x64.Build.0 = Release|x64
		{AB13FF24-B491-47FF-86F1-6DF85F3D4629}.Release|x86.ActiveCfg = Release|Win32
		{AB13FF24-B491-47FF-86F1-6DF85F3D4629}.Release|x86.Build.0 = Release|Win32
		{CA08270C-C210-4CD0-8DB9-232A589A4E47}.Debug|x64.ActiveCfg = Debug|x64
		{CA08270C-C210-4CD0-8DB9-232A589A4E47}.Debug|x64.Build.0 = Debug|x64
		{CA08270C-C210-4CD0-8DB9-232A589A4E47}.Debug|x86.ActiveCfg = Debug|Win32
		{CA08270C-C210-4CD0-8DB9-232A589A4E47}.Debug|x86.Build.0 = Debug|Win32
		{CA08270C-C210-4CD0-8DB9-232A589A4E47}.Release|x64.ActiveCfg = Release|x64
		{CA08270C-C210-4CD0-8DB9-232A589A4E47}.Release|x64.Build.0 = Release|x64
		{CA08270C-C210-4CD0-8DB9-232A589A4E47}.Release|x86.ActiveCfg = Release|Win32
		{CA08270C-C210-4CD0-8DB9-232A589A4E47}.Release|x86.Build.0 = Release|Win32
		{B42A76EF-E25F-4390-834A-1DD29D27EDA4}.Debug|x64.ActiveCfg = Debug|x64
		{B42A76EF-E25F-4390-834A-1DD29D27EDA4}.Debug|x64.Build.0 = Debug|x64
		{B42A76EF-E25F-4390-834A-1DD29D27EDA4}.Debug|x86.ActiveCfg = Debug|Win32
		{B42A76EF-E25F-4390-834A-1DD29D27EDA4}.Debug|x86.Build.0 = Debug|Win32
		{B42A76EF-E25F-4390-834A-1DD29D27EDA4}.Release|x64.ActiveCfg = Release|x64
		{B42A76EF-E25F-4390-834A-1DD29D27EDA4}.Release|x64.Build.0 = Release|x64
		{B42A76EF-E25F-4390-834A-1DD29D27EDA4}.Release|x86.ActiveCfg = Release|Win32
		{B42A76EF-E25F-4390-834A-1DD29D27EDA4}.Release|x86.Build.0 = Release|Win32
		{A4599945-989C-4A8B-8FD1-49D8B10852D3}.Debug|x64.ActiveCfg = Debug|x64
		{A4599945-989C-4A8B-8FD1-49D8B10852D3}.Debug|x64.Build.0 = Debug|x64
		{A4599945-989C-4A8B-8FD1-49D8B10852D3}.Debug|x86.ActiveCfg = Debug|Win32
		{A4599945-989C-4A8B-8FD1-49D8B10852D3}.Debug|x86.Build.0 = Debug|Win32
		{A4599945-989C-4A8B-8FD1-49D8B10852D3}.Release|x64.ActiveCfg = Release|x64
		{A4599945-989C-4A8B-8FD1-49D8B10852D3}.Release|x64.Build.0 = Release|x64
		{A4599945-989C-4A8B-8FD1-49D8B10852D3}.Release|x86.ActiveCfg = Release|Win32
		{A4599945-989C-4A8B-8FD1-49D8B10852D3}.Release|x86.Build.0 = Release|Win32
		{E1F52CC0-27D9-44F9-B9BD-4DF45C607F72}.Debug|x64.ActiveCfg = Debug|x64
		{E1F52CC0-27D9-44F9-B9BD-4DF45C607F72}.Debug|x64.Build.0 = Debug|x64
		{E1F52CC0-27D9-44F9-B9BD-4DF45C607F72}.Debug|x86.ActiveCfg = Debug|Win32
		{E1F52CC0-27D9-44F9-B9BD-4DF45C607F72}.Debug|x86.Build.0 = Debug|Win32
		{E1F52CC0-27D9-44F9-B9BD-4DF45C607F72}.Release|x64.ActiveCfg = Release|x64
		{E1F52CC0-27D9-44F9-B9BD-4DF45C607F72}.Release|x64.Build.0 = Release|x64
		{E1F52CC0-27D9-44F9-B9BD-4DF45C607F72}.Release|x86.ActiveCfg = Release|Win32
		{E1F52CC0-27D9-44F9-B9BD-4DF45C607F72}.Release|x86.Build.0 = Release|Win32
		{7E1EB646-63FD-4081-A4C4-61A7AADEA80C}.Debug|x64.ActiveCfg = Debug|x64
		{7E1EB646-63FD-4081-A4C4-61A7AADEA80C}.Debug|x64.Build.0 = Debug|x64
		{7E1EB646-63FD-4081-A4C4-61A7AADEA80C}.Debug|x86.ActiveCfg = Debug|Win32
		{7E1EB646-63FD-4081-A4C4-61A7AADEA80C}.Debug|x86.Build.0 = Debug|Win32
		{7E1EB646-63FD-4081-A4C4-61A7AADEA80C}.Release|x64.ActiveCfg = Release|x64
		{7E1EB646-63FD-4081-A4C4-61A7AADEA80C}.Release|x64.Build.0 = Release|x64
		{7E1EB646-63FD-4081-A4C4-61A7AADEA80C}.Release|x86.ActiveCfg = Release|Win32
		{7E1EB646-63FD-4081-A4C4-61A7AADEA80C}.Release|x86.Build.0 = Release|Win32
		{E6A038B5-5DDE-48E8-B9FD-8B45090BCC90}.Debug|x64.ActiveCfg = Debug|x64
		{E6A038B5-5DDE-48E8-B9FD-8B45090BCC90}.Debug|x64.Build.0 = Debug|x64
		{E6A038B5-5DDE-48E8-B9FD-8B45090BCC90}.Debug|x86.ActiveCfg = Debug|Win32
		{E6A038B5-5DDE-48E8-B9FD-8B45090BCC90}.Debug|x86.Build.0 = Debug|Win32
		{E6A038B5-5DDE-48E8-B9FD-8B45090BCC90}.Release|x64.ActiveCfg = Release|x64
		{E6A038B5-5DDE-48E8-B9FD-8B45090BCC90}.Release|x64.Build.0 = Release|x64
		{E6A038B5-5DDE-48E8-B9FD-8B45090BCC90}.Release|x86.ActiveCfg = Release|Win32
		{E6A038B5-5DDE-48E8-B9FD-8B45090BCC90}.Release|x86.Build.0 = Release|Win32
		{5CD756AE-6B96-4D0D-BF92-F3A283CCCD44}.Debug|x64.ActiveCfg = Debug|x64
		{5CD756AE-6B96-4D0D-BF92-F3A283CCCD44}.Debug|x64.Build.0 = Debug|x64
		{5CD756AE-6B96-4D0D-BF92-F3A283CCCD44}.Debug|x86.ActiveCfg = Debug|Win32
		{5CD756AE-6B96-4D0D-BF92-F3A283CCCD44}.Debug|x86.Build.0 = Debug|Win32
		{5CD756AE-6B96-4D0D-BF92-F3A283CCCD44}.Release|x64.ActiveCfg = Release|x64
		{5CD756AE-6B96-4D0D-BF92-F3A283CCCD44}.Release|x64.Build.0 = Release|x64
		{5CD756AE-6B96-4D0D-BF92-F3A283CCCD44}.Release|x86.ActiveCfg = Release|Win32
		{5CD756AE-6B96-4D0D-BF92-F3A283CCCD44}.Release|x86.Build.0 = Release|Win32
		{EE7EFECD-0EAB-42A3-9E23-F7AB189EFFDB}.Debug|x64.ActiveCfg = Debug|x64
		{EE7EFECD-0EAB-42A3-9E23-F7AB189EFFDB}.Debug|x64.Build.0 = Debug|x64
		{EE7EFECD-0EAB-42A3-9E23-F7AB189EFFDB}.Debug|x86.ActiveCfg = Debug|Win32
		{EE7EFECD-0EAB-42A3-9E23-F7AB189EFFDB}.Debug|x86.Build.0 = Debug|Win32
		{EE7EFECD-0EAB-42A3-9E23-F7AB189EFFDB}.Release|x64.ActiveCfg = Release|x64
		{EE7EFECD-0EAB-42A3-9E23-F7AB189EFFDB}.Release|x64.Build.0 = Release|x64
		{EE7EFECD-0EAB-42A3-9E23-F7AB189EFFDB}.Release|x86.ActiveCfg = Release|Win32
		{EE7EFECD-0EAB-42A3-9E23-F7AB189EFFDB}.Release|x86.Build.0 = Release|Win32
		{CCC1FC5B-954D-4855-A684-349B2FEA6E47}.Debug|x64.ActiveCfg = Debug|x64
		{CCC1FC5B-954D-4855-A684-349B2FEA6E47}.Debug|x64.Build.0 = Debug|x64
		{CCC1FC5B-954D-4855-A684-349B2FEA6E47}.Debug|x86.ActiveCfg = Debug|Win32
		{CCC1FC5B-954D-4855-A684-349B2FEA6E47}.Debug|x86.Build.0 = Debug|Win32
		{CCC1FC5B-954D-4855-A684-349B2FEA6E47}.Release|x64.ActiveCfg = Release|x64
		{CCC1FC5B-954D-4855-A684-349B2FEA6E47}.Release|x64.Build.0 = Release|x64
		{CCC1FC5B-954D-4855-A684-349B2FEA6E47}.Release|x86.ActiveCfg = Release|Win32
		{CCC1FC5B-954D-4855-A684-349B2FEA6E47}.Release|x86.Build.0 = Release|Win32
		{BCA377C1-A1E0-4D82-A708-FF4907BEDCAF}.Debug|x64.ActiveCfg = Debug|x64
		{BCA377C1-A1E0-4D82-A708-FF4907BEDCAF}.Debug|x64.Build.0 = Debug|x64
		{BCA377C1-A1E0-4D82-A708-FF4907BEDCAF}.Debug|x86.ActiveCfg = Debug|Win32
		{BCA377C1-A1E0-4D82-A708-FF4907BEDCAF}.Debug|x86.Build.0 = Debug|Win32
		{BCA377C1-A1E0-4D82-A708-FF4907BEDCAF}.Release|x64.ActiveCfg = Release|x64
		{BCA377C1-A1E0-4D82-A708-FF4907BEDCAF}.Release|x64.Build.0 = Release|x64
		{BCA377C1-A1E0-4D82-A708-FF4907BEDCAF}.Release|x86.ActiveCfg = Release|Win32
		{BCA377C1-A1E0-4D82-A708-FF4907BEDCAF}.Release|x86.Build.0 = Release|Win32
		{105559F8-BCED-4B03-AC2E-E20FA7D0CA51}.Debug|x64.ActiveCfg = Debug|x64
		{105559F8-BCED-4B03-AC2E-E20FA7D0CA51}.Debug|x64.Build.0 = Debug|x64
		{105559F8-BCED-4B03-AC2E-E20FA7D0CA51}.Debug|x86.ActiveCfg = Debug|Win32
		{105559F8-BCED-4B03-AC2E-E20FA7D0CA51}.Debug|x86.Build.0 = Debug|Win32
		{105559F8-BCED-4B03-AC2E-E20FA7D0CA51}.Release|x64.ActiveCfg = Release|x64
		{105559F8-BCED-4B03-AC2E-E20FA7D0CA51}.Release|x64.Build.0 = Release|x64
		{105559F8-BCED-4B03-AC2E-E20FA7D0CA51}.Release|x86.ActiveCfg = Release|Win32
		{105559F8-BCED-4B03-AC2E-E20FA7D0CA51}.Release|x86.Build.0 = Release|Win32
	EndGlobalSection
	GlobalSection(SolutionProperties) = preSolution
		HideSolutionNode = FALSE
	EndGlobalSection
	GlobalSection(ExtensibilityGlobals) = postSolution
		SolutionGuid = {75A66AB5-9BBE-4D0A-9A18-3B8961BC8D6E}
	EndGlobalSection
EndGlobal
